
Microsoft Visual Studio Solution File, Format Version 12.00
# Visual Studio Version 16
VisualStudioVersion = 16.0.32602.291
MinimumVisualStudioVersion = 10.0.40219.1
Project("{FAE04EC0-301F-11D3-BF4B-00C04F79EFBC}") = "GymPro.Capa.UI", "GymPro.Capa.UI\GymPro.Capa.UI.csproj", "{73B92E94-D8E1-4065-B4A4-B417433DCB52}"
EndProject
Project("{FAE04EC0-301F-11D3-BF4B-00C04F79EFBC}") = "GymPro.Capa.Entidades", "GymPro.Capa.Entidades\GymPro.Capa.Entidades.csproj", "{2896C8D1-B937-4355-8249-C2F6E9083435}"
EndProject
Project("{FAE04EC0-301F-11D3-BF4B-00C04F79EFBC}") = "GymPro.Capa.Datos", "GymPro.Capa.Datos\GymPro.Capa.Datos.csproj", "{92649DF8-465A-43FB-99D9-BFA6923C21D1}"
EndProject
Project("{FAE04EC0-301F-11D3-BF4B-00C04F79EFBC}") = "GymPro.Capa.Logica", "GymPro.Capa.Logica\GymPro.Capa.Logica.csproj", "{426477A9-711A-461E-B50C-36AB1905135F}"
EndProject
Project("{FAE04EC0-301F-11D3-BF4B-00C04F79EFBC}") = "GymPro.Capa.Util", "GymPro.Capa.Util\GymPro.Capa.Util.csproj", "{C0EC9E24-0F4B-4EAB-81F1-C1FE54EE9A85}"
EndProject
Project("{FAE04EC0-301F-11D3-BF4B-00C04F79EFBC}") = "GymPro.Capa.Factories", "GymPro.Capa.Factories\GymPro.Capa.Factories.csproj", "{389F19CF-7F07-47A6-A9AA-5161070C05ED}"
EndProject
Global
	GlobalSection(SolutionConfigurationPlatforms) = preSolution
		Debug|Any CPU = Debug|Any CPU
		Release|Any CPU = Release|Any CPU
	EndGlobalSection
	GlobalSection(ProjectConfigurationPlatforms) = postSolution
		{73B92E94-D8E1-4065-B4A4-B417433DCB52}.Debug|Any CPU.ActiveCfg = Debug|Any CPU
		{73B92E94-D8E1-4065-B4A4-B417433DCB52}.Debug|Any CPU.Build.0 = Debug|Any CPU
		{73B92E94-D8E1-4065-B4A4-B417433DCB52}.Release|Any CPU.ActiveCfg = Release|Any CPU
		{73B92E94-D8E1-4065-B4A4-B417433DCB52}.Release|Any CPU.Build.0 = Release|Any CPU
		{2896C8D1-B937-4355-8249-C2F6E9083435}.Debug|Any CPU.ActiveCfg = Debug|Any CPU
		{2896C8D1-B937-4355-8249-C2F6E9083435}.Debug|Any CPU.Build.0 = Debug|Any CPU
		{2896C8D1-B937-4355-8249-C2F6E9083435}.Release|Any CPU.ActiveCfg = Release|Any CPU
		{2896C8D1-B937-4355-8249-C2F6E9083435}.Release|Any CPU.Build.0 = Release|Any CPU
		{92649DF8-465A-43FB-99D9-BFA6923C21D1}.Debug|Any CPU.ActiveCfg = Debug|Any CPU
		{92649DF8-465A-43FB-99D9-BFA6923C21D1}.Debug|Any CPU.Build.0 = Debug|Any CPU
		{92649DF8-465A-43FB-99D9-BFA6923C21D1}.Release|Any CPU.ActiveCfg = Release|Any CPU
		{92649DF8-465A-43FB-99D9-BFA6923C21D1}.Release|Any CPU.Build.0 = Release|Any CPU
		{426477A9-711A-461E-B50C-36AB1905135F}.Debug|Any CPU.ActiveCfg = Debug|Any CPU
		{426477A9-711A-461E-B50C-36AB1905135F}.Debug|Any CPU.Build.0 = Debug|Any CPU
		{426477A9-711A-461E-B50C-36AB1905135F}.Release|Any CPU.ActiveCfg = Release|Any CPU
		{426477A9-711A-461E-B50C-36AB1905135F}.Release|Any CPU.Build.0 = Release|Any CPU
		{C0EC9E24-0F4B-4EAB-81F1-C1FE54EE9A85}.Debug|Any CPU.ActiveCfg = Debug|Any CPU
		{C0EC9E24-0F4B-4EAB-81F1-C1FE54EE9A85}.Debug|Any CPU.Build.0 = Debug|Any CPU
		{C0EC9E24-0F4B-4EAB-81F1-C1FE54EE9A85}.Release|Any CPU.ActiveCfg = Release|Any CPU
		{C0EC9E24-0F4B-4EAB-81F1-C1FE54EE9A85}.Release|Any CPU.Build.0 = Release|Any CPU
		{389F19CF-7F07-47A6-A9AA-5161070C05ED}.Debug|Any CPU.ActiveCfg = Debug|Any CPU
		{389F19CF-7F07-47A6-A9AA-5161070C05ED}.Debug|Any CPU.Build.0 = Debug|Any CPU
		{389F19CF-7F07-47A6-A9AA-5161070C05ED}.Release|Any CPU.ActiveCfg = Release|Any CPU
		{389F19CF-7F07-47A6-A9AA-5161070C05ED}.Release|Any CPU.Build.0 = Release|Any CPU
	EndGlobalSection
	GlobalSection(SolutionProperties) = preSolution
		HideSolutionNode = FALSE
	EndGlobalSection
	GlobalSection(ExtensibilityGlobals) = postSolution
		SolutionGuid = {D7941E78-97B1-4D1B-B89F-A2F187EC3F94}
	EndGlobalSection
EndGlobal
